
Microsoft Visual Studio Solution File, Format Version 12.00
# Visual Studio 15
VisualStudioVersion = 15.0.27428.2005
MinimumVisualStudioVersion = 10.0.40219.1
Project("{FAE04EC0-301F-11D3-BF4B-00C04F79EFBC}") = "EVAParachutesAndEjectionSeats", "Source\EVAParachutesAndEjectionSeats\EVAParachutesAndEjectionSeats.csproj", "{EC925528-7C6F-4B72-BD2C-73B1B8627421}"
EndProject
Project("{2150E333-8FDC-42A3-9474-1A3956D46DE8}") = "SolutionFolder", "SolutionFolder", "{E26FE0F1-A424-4B28-8F68-A8DD28BA1ACC}"
	ProjectSection(SolutionItems) = preProject
		README.md = README.md
	EndProjectSection
EndProject
Project("{FAE04EC0-301F-11D3-BF4B-00C04F79EFBC}") = "FrementGUILib", "Source\FrementGUILib\FrementGUILib.csproj", "{71A3BE25-E3D9-420E-BAEB-3293F62CEB71}"
EndProject
Project("{2150E333-8FDC-42A3-9474-1A3956D46DE8}") = "Libraries", "Libraries", "{B8AFD4C6-950E-4343-A1C4-19A024F34DCE}"
EndProject
Project("{2150E333-8FDC-42A3-9474-1A3956D46DE8}") = "Modules", "Modules", "{D6EEF91C-CE0C-4327-BDC3-F399BE9ACA58}"
EndProject
Project("{FAE04EC0-301F-11D3-BF4B-00C04F79EFBC}") = "ModuleAnimation", "Source\ModuleAnimation\ModuleAnimation.csproj", "{E5B44E82-109C-439F-A5F2-E3DE73C8A8AF}"
EndProject
Project("{FAE04EC0-301F-11D3-BF4B-00C04F79EFBC}") = "ModuleEquipKerbal", "Source\ModuleEquipKerbal\ModuleEquipKerbal.csproj", "{DA76C6DA-FDFD-4D36-B85D-661E3DADA340}"
EndProject
Project("{FAE04EC0-301F-11D3-BF4B-00C04F79EFBC}") = "ModuleHatch", "Source\ModuleHatch\ModuleHatch.csproj", "{12392E0F-F5A7-4DBC-AF08-DC935B2FFCB8}"
EndProject
Project("{FAE04EC0-301F-11D3-BF4B-00C04F79EFBC}") = "ModuleKrKerbalParachute", "Source\ModuleKrKerbalParachute\ModuleKrKerbalParachute.csproj", "{EA81686B-E560-4F39-80A9-62BB654E9767}"
EndProject
Project("{FAE04EC0-301F-11D3-BF4B-00C04F79EFBC}") = "ModuleKrLightColor", "Source\ModuleKrLightColor\ModuleKrLightColor.csproj", "{7FE9BCD5-C57F-4744-9B83-77F3ECE9F304}"
EndProject
Project("{FAE04EC0-301F-11D3-BF4B-00C04F79EFBC}") = "ModuleAutoStrut", "Source\ModuleAutoStrut\ModuleAutoStrut.csproj", "{50185AD8-8F82-41CA-AB1B-BFD4CB04BF04}"
EndProject
Project("{FAE04EC0-301F-11D3-BF4B-00C04F79EFBC}") = "ModuleShaderReplacer", "Source\ModuleShaderReplacer\ModuleShaderReplacer.csproj", "{BBC6D2E2-DC4F-4EFF-84AB-3D10B0124859}"
EndProject
Global
	GlobalSection(SolutionConfigurationPlatforms) = preSolution
		Debug|Any CPU = Debug|Any CPU
		Release|Any CPU = Release|Any CPU
		Default|Any CPU = Default|Any CPU
	EndGlobalSection
	GlobalSection(ProjectConfigurationPlatforms) = postSolution
		{EC925528-7C6F-4B72-BD2C-73B1B8627421}.Debug|Any CPU.ActiveCfg = Debug|Any CPU
		{EC925528-7C6F-4B72-BD2C-73B1B8627421}.Debug|Any CPU.Build.0 = Debug|Any CPU
		{EC925528-7C6F-4B72-BD2C-73B1B8627421}.Release|Any CPU.ActiveCfg = Release|Any CPU
		{EC925528-7C6F-4B72-BD2C-73B1B8627421}.Release|Any CPU.Build.0 = Release|Any CPU
		{EC925528-7C6F-4B72-BD2C-73B1B8627421}.Default|Any CPU.ActiveCfg = Debug|Any CPU
		{EC925528-7C6F-4B72-BD2C-73B1B8627421}.Default|Any CPU.Build.0 = Debug|Any CPU
		{71A3BE25-E3D9-420E-BAEB-3293F62CEB71}.Debug|Any CPU.ActiveCfg = Debug|Any CPU
		{71A3BE25-E3D9-420E-BAEB-3293F62CEB71}.Debug|Any CPU.Build.0 = Debug|Any CPU
		{71A3BE25-E3D9-420E-BAEB-3293F62CEB71}.Release|Any CPU.ActiveCfg = Release|Any CPU
		{71A3BE25-E3D9-420E-BAEB-3293F62CEB71}.Release|Any CPU.Build.0 = Release|Any CPU
		{71A3BE25-E3D9-420E-BAEB-3293F62CEB71}.Default|Any CPU.ActiveCfg = Debug|Any CPU
		{71A3BE25-E3D9-420E-BAEB-3293F62CEB71}.Default|Any CPU.Build.0 = Debug|Any CPU
		{E5B44E82-109C-439F-A5F2-E3DE73C8A8AF}.Debug|Any CPU.ActiveCfg = Debug|Any CPU
		{E5B44E82-109C-439F-A5F2-E3DE73C8A8AF}.Debug|Any CPU.Build.0 = Debug|Any CPU
		{E5B44E82-109C-439F-A5F2-E3DE73C8A8AF}.Release|Any CPU.ActiveCfg = Release|Any CPU
		{E5B44E82-109C-439F-A5F2-E3DE73C8A8AF}.Release|Any CPU.Build.0 = Release|Any CPU
		{E5B44E82-109C-439F-A5F2-E3DE73C8A8AF}.Default|Any CPU.ActiveCfg = Debug|Any CPU
		{E5B44E82-109C-439F-A5F2-E3DE73C8A8AF}.Default|Any CPU.Build.0 = Debug|Any CPU
		{DA76C6DA-FDFD-4D36-B85D-661E3DADA340}.Debug|Any CPU.ActiveCfg = Debug|Any CPU
		{DA76C6DA-FDFD-4D36-B85D-661E3DADA340}.Debug|Any CPU.Build.0 = Debug|Any CPU
		{DA76C6DA-FDFD-4D36-B85D-661E3DADA340}.Release|Any CPU.ActiveCfg = Release|Any CPU
		{DA76C6DA-FDFD-4D36-B85D-661E3DADA340}.Release|Any CPU.Build.0 = Release|Any CPU
		{DA76C6DA-FDFD-4D36-B85D-661E3DADA340}.Default|Any CPU.ActiveCfg = Debug|Any CPU
		{DA76C6DA-FDFD-4D36-B85D-661E3DADA340}.Default|Any CPU.Build.0 = Debug|Any CPU
		{12392E0F-F5A7-4DBC-AF08-DC935B2FFCB8}.Debug|Any CPU.ActiveCfg = Debug|Any CPU
		{12392E0F-F5A7-4DBC-AF08-DC935B2FFCB8}.Debug|Any CPU.Build.0 = Debug|Any CPU
		{12392E0F-F5A7-4DBC-AF08-DC935B2FFCB8}.Release|Any CPU.ActiveCfg = Release|Any CPU
		{12392E0F-F5A7-4DBC-AF08-DC935B2FFCB8}.Release|Any CPU.Build.0 = Release|Any CPU
		{12392E0F-F5A7-4DBC-AF08-DC935B2FFCB8}.Default|Any CPU.ActiveCfg = Debug|Any CPU
		{12392E0F-F5A7-4DBC-AF08-DC935B2FFCB8}.Default|Any CPU.Build.0 = Debug|Any CPU
		{EA81686B-E560-4F39-80A9-62BB654E9767}.Debug|Any CPU.ActiveCfg = Debug|Any CPU
		{EA81686B-E560-4F39-80A9-62BB654E9767}.Debug|Any CPU.Build.0 = Debug|Any CPU
		{EA81686B-E560-4F39-80A9-62BB654E9767}.Release|Any CPU.ActiveCfg = Release|Any CPU
		{EA81686B-E560-4F39-80A9-62BB654E9767}.Release|Any CPU.Build.0 = Release|Any CPU
		{EA81686B-E560-4F39-80A9-62BB654E9767}.Default|Any CPU.ActiveCfg = Debug|Any CPU
		{EA81686B-E560-4F39-80A9-62BB654E9767}.Default|Any CPU.Build.0 = Debug|Any CPU
		{7FE9BCD5-C57F-4744-9B83-77F3ECE9F304}.Debug|Any CPU.ActiveCfg = Debug|Any CPU
		{7FE9BCD5-C57F-4744-9B83-77F3ECE9F304}.Debug|Any CPU.Build.0 = Debug|Any CPU
		{7FE9BCD5-C57F-4744-9B83-77F3ECE9F304}.Release|Any CPU.ActiveCfg = Release|Any CPU
		{7FE9BCD5-C57F-4744-9B83-77F3ECE9F304}.Release|Any CPU.Build.0 = Release|Any CPU
		{7FE9BCD5-C57F-4744-9B83-77F3ECE9F304}.Default|Any CPU.ActiveCfg = Debug|Any CPU
		{7FE9BCD5-C57F-4744-9B83-77F3ECE9F304}.Default|Any CPU.Build.0 = Debug|Any CPU
		{50185AD8-8F82-41CA-AB1B-BFD4CB04BF04}.Debug|Any CPU.ActiveCfg = Debug|Any CPU
		{50185AD8-8F82-41CA-AB1B-BFD4CB04BF04}.Debug|Any CPU.Build.0 = Debug|Any CPU
		{50185AD8-8F82-41CA-AB1B-BFD4CB04BF04}.Release|Any CPU.ActiveCfg = Release|Any CPU
		{50185AD8-8F82-41CA-AB1B-BFD4CB04BF04}.Release|Any CPU.Build.0 = Release|Any CPU
		{50185AD8-8F82-41CA-AB1B-BFD4CB04BF04}.Default|Any CPU.ActiveCfg = Debug|Any CPU
		{50185AD8-8F82-41CA-AB1B-BFD4CB04BF04}.Default|Any CPU.Build.0 = Debug|Any CPU
		{BBC6D2E2-DC4F-4EFF-84AB-3D10B0124859}.Debug|Any CPU.ActiveCfg = Debug|Any CPU
		{BBC6D2E2-DC4F-4EFF-84AB-3D10B0124859}.Debug|Any CPU.Build.0 = Debug|Any CPU
		{BBC6D2E2-DC4F-4EFF-84AB-3D10B0124859}.Release|Any CPU.ActiveCfg = Release|Any CPU
		{BBC6D2E2-DC4F-4EFF-84AB-3D10B0124859}.Release|Any CPU.Build.0 = Release|Any CPU
		{BBC6D2E2-DC4F-4EFF-84AB-3D10B0124859}.Default|Any CPU.ActiveCfg = Debug|Any CPU
		{BBC6D2E2-DC4F-4EFF-84AB-3D10B0124859}.Default|Any CPU.Build.0 = Debug|Any CPU
	EndGlobalSection
	GlobalSection(SolutionProperties) = preSolution
		HideSolutionNode = FALSE
	EndGlobalSection
	GlobalSection(ExtensibilityGlobals) = postSolution
		SolutionGuid = {B7902EAA-BE13-448F-A82F-A30815318109}
	EndGlobalSection
	GlobalSection(MonoDevelopProperties) = preSolution
		Policies = $0
		$0.TextStylePolicy = $1
		$1.inheritsSet = null
		$1.scope = text/x-csharp
		$0.TextStylePolicy = $2
		$2.FileWidth = 132
		$2.scope = text/plain
	EndGlobalSection
	GlobalSection(NestedProjects) = preSolution
		{71A3BE25-E3D9-420E-BAEB-3293F62CEB71} = {B8AFD4C6-950E-4343-A1C4-19A024F34DCE}
		{E5B44E82-109C-439F-A5F2-E3DE73C8A8AF} = {D6EEF91C-CE0C-4327-BDC3-F399BE9ACA58}
		{DA76C6DA-FDFD-4D36-B85D-661E3DADA340} = {D6EEF91C-CE0C-4327-BDC3-F399BE9ACA58}
		{12392E0F-F5A7-4DBC-AF08-DC935B2FFCB8} = {D6EEF91C-CE0C-4327-BDC3-F399BE9ACA58}
		{EA81686B-E560-4F39-80A9-62BB654E9767} = {D6EEF91C-CE0C-4327-BDC3-F399BE9ACA58}
		{7FE9BCD5-C57F-4744-9B83-77F3ECE9F304} = {D6EEF91C-CE0C-4327-BDC3-F399BE9ACA58}
		{50185AD8-8F82-41CA-AB1B-BFD4CB04BF04} = {D6EEF91C-CE0C-4327-BDC3-F399BE9ACA58}
		{BBC6D2E2-DC4F-4EFF-84AB-3D10B0124859} = {D6EEF91C-CE0C-4327-BDC3-F399BE9ACA58}
	EndGlobalSection
EndGlobal
